
Microsoft Visual Studio Solution File, Format Version 12.00
# Visual Studio Version 16
VisualStudioVersion = 16.0.30907.101
MinimumVisualStudioVersion = 10.0.40219.1
Project("{FAE04EC0-301F-11D3-BF4B-00C04F79EFBC}") = "ExceptionHandling", "ExceptionHandling\ExceptionHandling.csproj", "{F57C240D-72AC-432E-916C-4275509428EB}"
EndProject
Global
	GlobalSection(SolutionConfigurationPlatforms) = preSolution
		Debug|Any CPU = Debug|Any CPU
		Release|Any CPU = Release|Any CPU
	EndGlobalSection
	GlobalSection(ProjectConfigurationPlatforms) = postSolution
		{F57C240D-72AC-432E-916C-4275509428EB}.Debug|Any CPU.ActiveCfg = Debug|Any CPU
		{F57C240D-72AC-432E-916C-4275509428EB}.Debug|Any CPU.Build.0 = Debug|Any CPU
		{F57C240D-72AC-432E-916C-4275509428EB}.Release|Any CPU.ActiveCfg = Release|Any CPU
		{F57C240D-72AC-432E-916C-4275509428EB}.Release|Any CPU.Build.0 = Release|Any CPU
	EndGlobalSection
	GlobalSection(SolutionProperties) = preSolution
		HideSolutionNode = FALSE
	EndGlobalSection
	GlobalSection(ExtensibilityGlobals) = postSolution
		SolutionGuid = {54D864F1-70BF-4B9B-B63E-8891F8AA2FAE}
	EndGlobalSection
EndGlobal
