
Microsoft Visual Studio Solution File, Format Version 12.00
# Visual Studio Version 16
VisualStudioVersion = 16.0.30907.101
MinimumVisualStudioVersion = 10.0.40219.1
Project("{FAE04EC0-301F-11D3-BF4B-00C04F79EFBC}") = "IterationConsoleAppAssignment", "IterationConsoleAppAssignment\IterationConsoleAppAssignment.csproj", "{4D3955CC-9808-484D-9248-DA84D577DF66}"
EndProject
Global
	GlobalSection(SolutionConfigurationPlatforms) = preSolution
		Debug|Any CPU = Debug|Any CPU
		Release|Any CPU = Release|Any CPU
	EndGlobalSection
	GlobalSection(ProjectConfigurationPlatforms) = postSolution
		{4D3955CC-9808-484D-9248-DA84D577DF66}.Debug|Any CPU.ActiveCfg = Debug|Any CPU
		{4D3955CC-9808-484D-9248-DA84D577DF66}.Debug|Any CPU.Build.0 = Debug|Any CPU
		{4D3955CC-9808-484D-9248-DA84D577DF66}.Release|Any CPU.ActiveCfg = Release|Any CPU
		{4D3955CC-9808-484D-9248-DA84D577DF66}.Release|Any CPU.Build.0 = Release|Any CPU
	EndGlobalSection
	GlobalSection(SolutionProperties) = preSolution
		HideSolutionNode = FALSE
	EndGlobalSection
	GlobalSection(ExtensibilityGlobals) = postSolution
		SolutionGuid = {04F27109-1734-47CE-B0AA-58B15E183584}
	EndGlobalSection
EndGlobal
